// !$*UTF8*$!
{
	archiveVersion = 1;
	classes = {
	};
	objectVersion = 50;
	objects = {

/* Begin PBXBuildFile section */
		1F2178C7258437A70071E101 /* BaseReusableView.swift in Sources */ = {isa = PBXBuildFile; fileRef = 1F2178C6258437A70071E101 /* BaseReusableView.swift */; };
		1F21793825843DF30071E101 /* BackspaceButtonView.swift in Sources */ = {isa = PBXBuildFile; fileRef = 1F21793325843DF20071E101 /* BackspaceButtonView.swift */; };
		1F21793925843DF30071E101 /* DialButtonView.swift in Sources */ = {isa = PBXBuildFile; fileRef = 1F21793125843DF10071E101 /* DialButtonView.swift */; };
		1F21793A25843DF30071E101 /* CallButtonView.swift in Sources */ = {isa = PBXBuildFile; fileRef = 1F21793625843DF20071E101 /* CallButtonView.swift */; };
		1F21793B25843DF30071E101 /* DialPadView.swift in Sources */ = {isa = PBXBuildFile; fileRef = 1F21792E25843DF10071E101 /* DialPadView.swift */; };
		1F297135258690E200B2A278 /* DialPad.storyboard in Resources */ = {isa = PBXBuildFile; fileRef = 1F29712F258690E200B2A278 /* DialPad.storyboard */; };
		1F297136258690E200B2A278 /* LaunchScreen.storyboard in Resources */ = {isa = PBXBuildFile; fileRef = 1F297131258690E200B2A278 /* LaunchScreen.storyboard */; };
		1F297137258690E200B2A278 /* Main.storyboard in Resources */ = {isa = PBXBuildFile; fileRef = 1F297133258690E200B2A278 /* Main.storyboard */; };
		1F29713B2586938C00B2A278 /* TransparentNavigationController.swift in Sources */ = {isa = PBXBuildFile; fileRef = 1F29713A2586938C00B2A278 /* TransparentNavigationController.swift */; };
		1F29713E258693D000B2A278 /* CallViewController.swift in Sources */ = {isa = PBXBuildFile; fileRef = 1F29713D258693D000B2A278 /* CallViewController.swift */; };
		1F2971412586947500B2A278 /* DialPadViewController.swift in Sources */ = {isa = PBXBuildFile; fileRef = 1F2971402586947500B2A278 /* DialPadViewController.swift */; };
		1F2971432586A0EA00B2A278 /* DialButtonView.xib in Resources */ = {isa = PBXBuildFile; fileRef = 1F21793025843DF10071E101 /* DialButtonView.xib */; };
		1F2971452586A0F700B2A278 /* DialPadView.xib in Resources */ = {isa = PBXBuildFile; fileRef = 1F21792D25843DF10071E101 /* DialPadView.xib */; };
		1F2971472586A10000B2A278 /* BackspaceButtonView.xib in Resources */ = {isa = PBXBuildFile; fileRef = 1F21793425843DF20071E101 /* BackspaceButtonView.xib */; };
		1F2971492586A10500B2A278 /* CallButtonView.xib in Resources */ = {isa = PBXBuildFile; fileRef = 1F21793725843DF30071E101 /* CallButtonView.xib */; };
		1FBC0E50258289150074828E /* AppDelegate.swift in Sources */ = {isa = PBXBuildFile; fileRef = 1FBC0E4F258289150074828E /* AppDelegate.swift */; };
		1FBC0E52258289150074828E /* SceneDelegate.swift in Sources */ = {isa = PBXBuildFile; fileRef = 1FBC0E51258289150074828E /* SceneDelegate.swift */; };
		1FBC0E54258289150074828E /* ViewController.swift in Sources */ = {isa = PBXBuildFile; fileRef = 1FBC0E53258289150074828E /* ViewController.swift */; };
		1FBC0E59258289190074828E /* Assets.xcassets in Resources */ = {isa = PBXBuildFile; fileRef = 1FBC0E58258289190074828E /* Assets.xcassets */; };
		1FBC0E67258289880074828E /* AuthBarView.swift in Sources */ = {isa = PBXBuildFile; fileRef = 1FBC0E66258289880074828E /* AuthBarView.swift */; };
		1FBC0E6A2582899E0074828E /* AuthBarView.xib in Resources */ = {isa = PBXBuildFile; fileRef = 1FBC0E692582899E0074828E /* AuthBarView.xib */; };
		1FBC0E7425828D140074828E /* InputView.xib in Resources */ = {isa = PBXBuildFile; fileRef = 1FBC0E7225828D140074828E /* InputView.xib */; };
		1FBC0E7525828D140074828E /* InputView.swift in Sources */ = {isa = PBXBuildFile; fileRef = 1FBC0E7325828D140074828E /* InputView.swift */; };
		1FBC0E922582C1D30074828E /* SubmitButtonView.swift in Sources */ = {isa = PBXBuildFile; fileRef = 1FBC0E902582C1D20074828E /* SubmitButtonView.swift */; };
		1FBC0E932582C1D30074828E /* SubmitButtonView.xib in Resources */ = {isa = PBXBuildFile; fileRef = 1FBC0E912582C1D20074828E /* SubmitButtonView.xib */; };
/* End PBXBuildFile section */

/* Begin PBXFileReference section */
		1F2178C6258437A70071E101 /* BaseReusableView.swift */ = {isa = PBXFileReference; fileEncoding = 4; lastKnownFileType = sourcecode.swift; path = BaseReusableView.swift; sourceTree = "<group>"; };
		1F21792D25843DF10071E101 /* DialPadView.xib */ = {isa = PBXFileReference; lastKnownFileType = file.xib; path = DialPadView.xib; sourceTree = "<group>"; };
		1F21792E25843DF10071E101 /* DialPadView.swift */ = {isa = PBXFileReference; lastKnownFileType = sourcecode.swift; path = DialPadView.swift; sourceTree = "<group>"; };
		1F21793025843DF10071E101 /* DialButtonView.xib */ = {isa = PBXFileReference; lastKnownFileType = file.xib; path = DialButtonView.xib; sourceTree = "<group>"; };
		1F21793125843DF10071E101 /* DialButtonView.swift */ = {isa = PBXFileReference; lastKnownFileType = sourcecode.swift; path = DialButtonView.swift; sourceTree = "<group>"; };
		1F21793325843DF20071E101 /* BackspaceButtonView.swift */ = {isa = PBXFileReference; lastKnownFileType = sourcecode.swift; path = BackspaceButtonView.swift; sourceTree = "<group>"; };
		1F21793425843DF20071E101 /* BackspaceButtonView.xib */ = {isa = PBXFileReference; lastKnownFileType = file.xib; path = BackspaceButtonView.xib; sourceTree = "<group>"; };
		1F21793625843DF20071E101 /* CallButtonView.swift */ = {isa = PBXFileReference; lastKnownFileType = sourcecode.swift; path = CallButtonView.swift; sourceTree = "<group>"; };
		1F21793725843DF30071E101 /* CallButtonView.xib */ = {isa = PBXFileReference; lastKnownFileType = file.xib; path = CallButtonView.xib; sourceTree = "<group>"; };
		1F297130258690E200B2A278 /* Base */ = {isa = PBXFileReference; lastKnownFileType = file.storyboard; name = Base; path = Base.lproj/DialPad.storyboard; sourceTree = "<group>"; };
		1F297132258690E200B2A278 /* Base */ = {isa = PBXFileReference; lastKnownFileType = file.storyboard; name = Base; path = Base.lproj/LaunchScreen.storyboard; sourceTree = "<group>"; };
		1F297134258690E200B2A278 /* Base */ = {isa = PBXFileReference; lastKnownFileType = file.storyboard; name = Base; path = Base.lproj/Main.storyboard; sourceTree = "<group>"; };
		1F29713A2586938C00B2A278 /* TransparentNavigationController.swift */ = {isa = PBXFileReference; fileEncoding = 4; lastKnownFileType = sourcecode.swift; path = TransparentNavigationController.swift; sourceTree = "<group>"; };
		1F29713D258693D000B2A278 /* CallViewController.swift */ = {isa = PBXFileReference; fileEncoding = 4; lastKnownFileType = sourcecode.swift; path = CallViewController.swift; sourceTree = "<group>"; };
		1F2971402586947500B2A278 /* DialPadViewController.swift */ = {isa = PBXFileReference; fileEncoding = 4; lastKnownFileType = sourcecode.swift; path = DialPadViewController.swift; sourceTree = "<group>"; };
		1FBC0E4C258289150074828E /* Login.app */ = {isa = PBXFileReference; explicitFileType = wrapper.application; includeInIndex = 0; path = Login.app; sourceTree = BUILT_PRODUCTS_DIR; };
		1FBC0E4F258289150074828E /* AppDelegate.swift */ = {isa = PBXFileReference; lastKnownFileType = sourcecode.swift; path = AppDelegate.swift; sourceTree = "<group>"; };
		1FBC0E51258289150074828E /* SceneDelegate.swift */ = {isa = PBXFileReference; lastKnownFileType = sourcecode.swift; path = SceneDelegate.swift; sourceTree = "<group>"; };
		1FBC0E53258289150074828E /* ViewController.swift */ = {isa = PBXFileReference; lastKnownFileType = sourcecode.swift; path = ViewController.swift; sourceTree = "<group>"; };
		1FBC0E58258289190074828E /* Assets.xcassets */ = {isa = PBXFileReference; lastKnownFileType = folder.assetcatalog; path = Assets.xcassets; sourceTree = "<group>"; };
		1FBC0E5D258289190074828E /* Info.plist */ = {isa = PBXFileReference; lastKnownFileType = text.plist.xml; path = Info.plist; sourceTree = "<group>"; };
		1FBC0E66258289880074828E /* AuthBarView.swift */ = {isa = PBXFileReference; lastKnownFileType = sourcecode.swift; path = AuthBarView.swift; sourceTree = "<group>"; };
		1FBC0E692582899E0074828E /* AuthBarView.xib */ = {isa = PBXFileReference; lastKnownFileType = file.xib; path = AuthBarView.xib; sourceTree = "<group>"; };
		1FBC0E7225828D140074828E /* InputView.xib */ = {isa = PBXFileReference; fileEncoding = 4; lastKnownFileType = file.xib; path = InputView.xib; sourceTree = "<group>"; };
		1FBC0E7325828D140074828E /* InputView.swift */ = {isa = PBXFileReference; fileEncoding = 4; lastKnownFileType = sourcecode.swift; path = InputView.swift; sourceTree = "<group>"; };
		1FBC0E902582C1D20074828E /* SubmitButtonView.swift */ = {isa = PBXFileReference; fileEncoding = 4; lastKnownFileType = sourcecode.swift; path = SubmitButtonView.swift; sourceTree = "<group>"; };
		1FBC0E912582C1D20074828E /* SubmitButtonView.xib */ = {isa = PBXFileReference; fileEncoding = 4; lastKnownFileType = file.xib; path = SubmitButtonView.xib; sourceTree = "<group>"; };
/* End PBXFileReference section */

/* Begin PBXFrameworksBuildPhase section */
		1FBC0E49258289150074828E /* Frameworks */ = {
			isa = PBXFrameworksBuildPhase;
			buildActionMask = 2147483647;
			files = (
			);
			runOnlyForDeploymentPostprocessing = 0;
		};
/* End PBXFrameworksBuildPhase section */

/* Begin PBXGroup section */
		1F21792A25843DF00071E101 /* DialPadView */ = {
			isa = PBXGroup;
			children = (
				1F21792C25843DF00071E101 /* DialPadView */,
				1F21792F25843DF10071E101 /* DialButtonView */,
				1F21793225843DF10071E101 /* BackspaceButtonView */,
				1F21793525843DF20071E101 /* CallButtonView */,
			);
			path = DialPadView;
			sourceTree = "<group>";
		};
		1F21792C25843DF00071E101 /* DialPadView */ = {
			isa = PBXGroup;
			children = (
				1F21792E25843DF10071E101 /* DialPadView.swift */,
				1F21792D25843DF10071E101 /* DialPadView.xib */,
			);
			path = DialPadView;
			sourceTree = "<group>";
		};
		1F21792F25843DF10071E101 /* DialButtonView */ = {
			isa = PBXGroup;
			children = (
				1F21793025843DF10071E101 /* DialButtonView.xib */,
				1F21793125843DF10071E101 /* DialButtonView.swift */,
			);
			path = DialButtonView;
			sourceTree = "<group>";
		};
		1F21793225843DF10071E101 /* BackspaceButtonView */ = {
			isa = PBXGroup;
			children = (
				1F21793325843DF20071E101 /* BackspaceButtonView.swift */,
				1F21793425843DF20071E101 /* BackspaceButtonView.xib */,
			);
			path = BackspaceButtonView;
			sourceTree = "<group>";
		};
		1F21793525843DF20071E101 /* CallButtonView */ = {
			isa = PBXGroup;
			children = (
				1F21793725843DF30071E101 /* CallButtonView.xib */,
				1F21793625843DF20071E101 /* CallButtonView.swift */,
			);
			path = CallButtonView;
			sourceTree = "<group>";
		};
		1F2971392586938C00B2A278 /* NavigationControllers */ = {
			isa = PBXGroup;
			children = (
				1F29713A2586938C00B2A278 /* TransparentNavigationController.swift */,
			);
			path = NavigationControllers;
			sourceTree = "<group>";
		};
		1FBC0E43258289150074828E = {
			isa = PBXGroup;
			children = (
				1FBC0E4E258289150074828E /* Login */,
				1FBC0E4D258289150074828E /* Products */,
			);
			sourceTree = "<group>";
		};
		1FBC0E4D258289150074828E /* Products */ = {
			isa = PBXGroup;
			children = (
				1FBC0E4C258289150074828E /* Login.app */,
			);
			name = Products;
			sourceTree = "<group>";
		};
		1FBC0E4E258289150074828E /* Login */ = {
			isa = PBXGroup;
			children = (
				1F2971392586938C00B2A278 /* NavigationControllers */,
				1F29712F258690E200B2A278 /* DialPad.storyboard */,
				1F297131258690E200B2A278 /* LaunchScreen.storyboard */,
				1F297133258690E200B2A278 /* Main.storyboard */,
				1FBC0E8125828F8C0074828E /* ViewControllers */,
				1FBC0E65258289570074828E /* Views */,
				1FBC0E4F258289150074828E /* AppDelegate.swift */,
				1FBC0E51258289150074828E /* SceneDelegate.swift */,
				1FBC0E58258289190074828E /* Assets.xcassets */,
				1FBC0E5D258289190074828E /* Info.plist */,
			);
			path = Login;
			sourceTree = "<group>";
		};
		1FBC0E64258289260074828E /* AuthBarView */ = {
			isa = PBXGroup;
			children = (
				1FBC0E8A2582BF830074828E /* SubmitButtonView */,
				1FBC0E7025828B650074828E /* AuthBarView */,
				1FBC0E6F25828B500074828E /* InputView */,
			);
			path = AuthBarView;
			sourceTree = "<group>";
		};
		1FBC0E65258289570074828E /* Views */ = {
			isa = PBXGroup;
			children = (
				1F21792A25843DF00071E101 /* DialPadView */,
				1F2178C6258437A70071E101 /* BaseReusableView.swift */,
				1FBC0E64258289260074828E /* AuthBarView */,
			);
			path = Views;
			sourceTree = "<group>";
		};
		1FBC0E6F25828B500074828E /* InputView */ = {
			isa = PBXGroup;
			children = (
				1FBC0E7325828D140074828E /* InputView.swift */,
				1FBC0E7225828D140074828E /* InputView.xib */,
			);
			path = InputView;
			sourceTree = "<group>";
		};
		1FBC0E7025828B650074828E /* AuthBarView */ = {
			isa = PBXGroup;
			children = (
				1FBC0E66258289880074828E /* AuthBarView.swift */,
				1FBC0E692582899E0074828E /* AuthBarView.xib */,
			);
			path = AuthBarView;
			sourceTree = "<group>";
		};
		1FBC0E8125828F8C0074828E /* ViewControllers */ = {
			isa = PBXGroup;
			children = (
				1F2971402586947500B2A278 /* DialPadViewController.swift */,
				1F29713D258693D000B2A278 /* CallViewController.swift */,
				1FBC0E53258289150074828E /* ViewController.swift */,
			);
			path = ViewControllers;
			sourceTree = "<group>";
		};
		1FBC0E8A2582BF830074828E /* SubmitButtonView */ = {
			isa = PBXGroup;
			children = (
				1FBC0E902582C1D20074828E /* SubmitButtonView.swift */,
				1FBC0E912582C1D20074828E /* SubmitButtonView.xib */,
			);
			path = SubmitButtonView;
			sourceTree = "<group>";
		};
/* End PBXGroup section */

/* Begin PBXNativeTarget section */
		1FBC0E4B258289150074828E /* Login */ = {
			isa = PBXNativeTarget;
			buildConfigurationList = 1FBC0E60258289190074828E /* Build configuration list for PBXNativeTarget "Login" */;
			buildPhases = (
				1FBC0E48258289150074828E /* Sources */,
				1FBC0E49258289150074828E /* Frameworks */,
				1FBC0E4A258289150074828E /* Resources */,
			);
			buildRules = (
			);
			dependencies = (
			);
			name = Login;
			productName = Login;
			productReference = 1FBC0E4C258289150074828E /* Login.app */;
			productType = "com.apple.product-type.application";
		};
/* End PBXNativeTarget section */

/* Begin PBXProject section */
		1FBC0E44258289150074828E /* Project object */ = {
			isa = PBXProject;
			attributes = {
				LastSwiftUpdateCheck = 1210;
				LastUpgradeCheck = 1210;
				TargetAttributes = {
					1FBC0E4B258289150074828E = {
						CreatedOnToolsVersion = 12.1;
					};
				};
			};
			buildConfigurationList = 1FBC0E47258289150074828E /* Build configuration list for PBXProject "Login" */;
			compatibilityVersion = "Xcode 9.3";
			developmentRegion = en;
			hasScannedForEncodings = 0;
			knownRegions = (
				en,
				Base,
			);
			mainGroup = 1FBC0E43258289150074828E;
			productRefGroup = 1FBC0E4D258289150074828E /* Products */;
			projectDirPath = "";
			projectRoot = "";
			targets = (
				1FBC0E4B258289150074828E /* Login */,
			);
		};
/* End PBXProject section */

/* Begin PBXResourcesBuildPhase section */
		1FBC0E4A258289150074828E /* Resources */ = {
			isa = PBXResourcesBuildPhase;
			buildActionMask = 2147483647;
			files = (
				1F2971452586A0F700B2A278 /* DialPadView.xib in Resources */,
				1F2971492586A10500B2A278 /* CallButtonView.xib in Resources */,
				1F297137258690E200B2A278 /* Main.storyboard in Resources */,
				1FBC0E932582C1D30074828E /* SubmitButtonView.xib in Resources */,
				1FBC0E7425828D140074828E /* InputView.xib in Resources */,
				1F297135258690E200B2A278 /* DialPad.storyboard in Resources */,
				1F2971432586A0EA00B2A278 /* DialButtonView.xib in Resources */,
				1F2971472586A10000B2A278 /* BackspaceButtonView.xib in Resources */,
				1F297136258690E200B2A278 /* LaunchScreen.storyboard in Resources */,
				1FBC0E59258289190074828E /* Assets.xcassets in Resources */,
				1FBC0E6A2582899E0074828E /* AuthBarView.xib in Resources */,
			);
			runOnlyForDeploymentPostprocessing = 0;
		};
/* End PBXResourcesBuildPhase section */

/* Begin PBXSourcesBuildPhase section */
		1FBC0E48258289150074828E /* Sources */ = {
			isa = PBXSourcesBuildPhase;
			buildActionMask = 2147483647;
			files = (
				1F21793925843DF30071E101 /* DialButtonView.swift in Sources */,
				1FBC0E54258289150074828E /* ViewController.swift in Sources */,
				1FBC0E67258289880074828E /* AuthBarView.swift in Sources */,
				1FBC0E50258289150074828E /* AppDelegate.swift in Sources */,
				1F21793A25843DF30071E101 /* CallButtonView.swift in Sources */,
				1FBC0E922582C1D30074828E /* SubmitButtonView.swift in Sources */,
				1FBC0E52258289150074828E /* SceneDelegate.swift in Sources */,
				1F21793B25843DF30071E101 /* DialPadView.swift in Sources */,
				1F2971412586947500B2A278 /* DialPadViewController.swift in Sources */,
				1FBC0E7525828D140074828E /* InputView.swift in Sources */,
				1F21793825843DF30071E101 /* BackspaceButtonView.swift in Sources */,
				1F29713E258693D000B2A278 /* CallViewController.swift in Sources */,
				1F29713B2586938C00B2A278 /* TransparentNavigationController.swift in Sources */,
				1F2178C7258437A70071E101 /* BaseReusableView.swift in Sources */,
			);
			runOnlyForDeploymentPostprocessing = 0;
		};
/* End PBXSourcesBuildPhase section */

/* Begin PBXVariantGroup section */
		1F29712F258690E200B2A278 /* DialPad.storyboard */ = {
			isa = PBXVariantGroup;
			children = (
				1F297130258690E200B2A278 /* Base */,
			);
			name = DialPad.storyboard;
			sourceTree = "<group>";
		};
		1F297131258690E200B2A278 /* LaunchScreen.storyboard */ = {
			isa = PBXVariantGroup;
			children = (
				1F297132258690E200B2A278 /* Base */,
			);
			name = LaunchScreen.storyboard;
			sourceTree = "<group>";
		};
		1F297133258690E200B2A278 /* Main.storyboard */ = {
			isa = PBXVariantGroup;
			children = (
				1F297134258690E200B2A278 /* Base */,
			);
			name = Main.storyboard;
			sourceTree = "<group>";
		};
/* End PBXVariantGroup section */

/* Begin XCBuildConfiguration section */
		1FBC0E5E258289190074828E /* Debug */ = {
			isa = XCBuildConfiguration;
			buildSettings = {
				ALWAYS_SEARCH_USER_PATHS = NO;
				CLANG_ANALYZER_NONNULL = YES;
				CLANG_ANALYZER_NUMBER_OBJECT_CONVERSION = YES_AGGRESSIVE;
				CLANG_CXX_LANGUAGE_STANDARD = "gnu++14";
				CLANG_CXX_LIBRARY = "libc++";
				CLANG_ENABLE_MODULES = YES;
				CLANG_ENABLE_OBJC_ARC = YES;
				CLANG_ENABLE_OBJC_WEAK = YES;
				CLANG_WARN_BLOCK_CAPTURE_AUTORELEASING = YES;
				CLANG_WARN_BOOL_CONVERSION = YES;
				CLANG_WARN_COMMA = YES;
				CLANG_WARN_CONSTANT_CONVERSION = YES;
				CLANG_WARN_DEPRECATED_OBJC_IMPLEMENTATIONS = YES;
				CLANG_WARN_DIRECT_OBJC_ISA_USAGE = YES_ERROR;
				CLANG_WARN_DOCUMENTATION_COMMENTS = YES;
				CLANG_WARN_EMPTY_BODY = YES;
				CLANG_WARN_ENUM_CONVERSION = YES;
				CLANG_WARN_INFINITE_RECURSION = YES;
				CLANG_WARN_INT_CONVERSION = YES;
				CLANG_WARN_NON_LITERAL_NULL_CONVERSION = YES;
				CLANG_WARN_OBJC_IMPLICIT_RETAIN_SELF = YES;
				CLANG_WARN_OBJC_LITERAL_CONVERSION = YES;
				CLANG_WARN_OBJC_ROOT_CLASS = YES_ERROR;
				CLANG_WARN_QUOTED_INCLUDE_IN_FRAMEWORK_HEADER = YES;
				CLANG_WARN_RANGE_LOOP_ANALYSIS = YES;
				CLANG_WARN_STRICT_PROTOTYPES = YES;
				CLANG_WARN_SUSPICIOUS_MOVE = YES;
				CLANG_WARN_UNGUARDED_AVAILABILITY = YES_AGGRESSIVE;
				CLANG_WARN_UNREACHABLE_CODE = YES;
				CLANG_WARN__DUPLICATE_METHOD_MATCH = YES;
				COPY_PHASE_STRIP = NO;
				DEBUG_INFORMATION_FORMAT = dwarf;
				ENABLE_STRICT_OBJC_MSGSEND = YES;
				ENABLE_TESTABILITY = YES;
				GCC_C_LANGUAGE_STANDARD = gnu11;
				GCC_DYNAMIC_NO_PIC = NO;
				GCC_NO_COMMON_BLOCKS = YES;
				GCC_OPTIMIZATION_LEVEL = 0;
				GCC_PREPROCESSOR_DEFINITIONS = (
					"DEBUG=1",
					"$(inherited)",
				);
				GCC_WARN_64_TO_32_BIT_CONVERSION = YES;
				GCC_WARN_ABOUT_RETURN_TYPE = YES_ERROR;
				GCC_WARN_UNDECLARED_SELECTOR = YES;
				GCC_WARN_UNINITIALIZED_AUTOS = YES_AGGRESSIVE;
				GCC_WARN_UNUSED_FUNCTION = YES;
				GCC_WARN_UNUSED_VARIABLE = YES;
				IPHONEOS_DEPLOYMENT_TARGET = 14.1;
				MTL_ENABLE_DEBUG_INFO = INCLUDE_SOURCE;
				MTL_FAST_MATH = YES;
				ONLY_ACTIVE_ARCH = YES;
				SDKROOT = iphoneos;
				SWIFT_ACTIVE_COMPILATION_CONDITIONS = DEBUG;
				SWIFT_OPTIMIZATION_LEVEL = "-Onone";
			};
			name = Debug;
		};
		1FBC0E5F258289190074828E /* Release */ = {
			isa = XCBuildConfiguration;
			buildSettings = {
				ALWAYS_SEARCH_USER_PATHS = NO;
				CLANG_ANALYZER_NONNULL = YES;
				CLANG_ANALYZER_NUMBER_OBJECT_CONVERSION = YES_AGGRESSIVE;
				CLANG_CXX_LANGUAGE_STANDARD = "gnu++14";
				CLANG_CXX_LIBRARY = "libc++";
				CLANG_ENABLE_MODULES = YES;
				CLANG_ENABLE_OBJC_ARC = YES;
				CLANG_ENABLE_OBJC_WEAK = YES;
				CLANG_WARN_BLOCK_CAPTURE_AUTORELEASING = YES;
				CLANG_WARN_BOOL_CONVERSION = YES;
				CLANG_WARN_COMMA = YES;
				CLANG_WARN_CONSTANT_CONVERSION = YES;
				CLANG_WARN_DEPRECATED_OBJC_IMPLEMENTATIONS = YES;
				CLANG_WARN_DIRECT_OBJC_ISA_USAGE = YES_ERROR;
				CLANG_WARN_DOCUMENTATION_COMMENTS = YES;
				CLANG_WARN_EMPTY_BODY = YES;
				CLANG_WARN_ENUM_CONVERSION = YES;
				CLANG_WARN_INFINITE_RECURSION = YES;
				CLANG_WARN_INT_CONVERSION = YES;
				CLANG_WARN_NON_LITERAL_NULL_CONVERSION = YES;
				CLANG_WARN_OBJC_IMPLICIT_RETAIN_SELF = YES;
				CLANG_WARN_OBJC_LITERAL_CONVERSION = YES;
				CLANG_WARN_OBJC_ROOT_CLASS = YES_ERROR;
				CLANG_WARN_QUOTED_INCLUDE_IN_FRAMEWORK_HEADER = YES;
				CLANG_WARN_RANGE_LOOP_ANALYSIS = YES;
				CLANG_WARN_STRICT_PROTOTYPES = YES;
				CLANG_WARN_SUSPICIOUS_MOVE = YES;
				CLANG_WARN_UNGUARDED_AVAILABILITY = YES_AGGRESSIVE;
				CLANG_WARN_UNREACHABLE_CODE = YES;
				CLANG_WARN__DUPLICATE_METHOD_MATCH = YES;
				COPY_PHASE_STRIP = NO;
				DEBUG_INFORMATION_FORMAT = "dwarf-with-dsym";
				ENABLE_NS_ASSERTIONS = NO;
				ENABLE_STRICT_OBJC_MSGSEND = YES;
				GCC_C_LANGUAGE_STANDARD = gnu11;
				GCC_NO_COMMON_BLOCKS = YES;
				GCC_WARN_64_TO_32_BIT_CONVERSION = YES;
				GCC_WARN_ABOUT_RETURN_TYPE = YES_ERROR;
				GCC_WARN_UNDECLARED_SELECTOR = YES;
				GCC_WARN_UNINITIALIZED_AUTOS = YES_AGGRESSIVE;
				GCC_WARN_UNUSED_FUNCTION = YES;
				GCC_WARN_UNUSED_VARIABLE = YES;
				IPHONEOS_DEPLOYMENT_TARGET = 14.1;
				MTL_ENABLE_DEBUG_INFO = NO;
				MTL_FAST_MATH = YES;
				SDKROOT = iphoneos;
				SWIFT_COMPILATION_MODE = wholemodule;
				SWIFT_OPTIMIZATION_LEVEL = "-O";
				VALIDATE_PRODUCT = YES;
			};
			name = Release;
		};
		1FBC0E61258289190074828E /* Debug */ = {
			isa = XCBuildConfiguration;
			buildSettings = {
				ASSETCATALOG_COMPILER_APPICON_NAME = AppIcon;
				ASSETCATALOG_COMPILER_GLOBAL_ACCENT_COLOR_NAME = AccentColor;
				CODE_SIGN_STYLE = Automatic;
				INFOPLIST_FILE = Login/Info.plist;
				LD_RUNPATH_SEARCH_PATHS = (
					"$(inherited)",
					"@executable_path/Frameworks",
				);
				PRODUCT_BUNDLE_IDENTIFIER = Login;
				PRODUCT_NAME = "$(TARGET_NAME)";
				SWIFT_VERSION = 5.0;
				TARGETED_DEVICE_FAMILY = "1,2";
			};
			name = Debug;
		};
		1FBC0E62258289190074828E /* Release */ = {
			isa = XCBuildConfiguration;
			buildSettings = {
				ASSETCATALOG_COMPILER_APPICON_NAME = AppIcon;
				ASSETCATALOG_COMPILER_GLOBAL_ACCENT_COLOR_NAME = AccentColor;
				CODE_SIGN_STYLE = Automatic;
				INFOPLIST_FILE = Login/Info.plist;
				LD_RUNPATH_SEARCH_PATHS = (
					"$(inherited)",
					"@executable_path/Frameworks",
				);
				PRODUCT_BUNDLE_IDENTIFIER = Login;
				PRODUCT_NAME = "$(TARGET_NAME)";
				SWIFT_VERSION = 5.0;
				TARGETED_DEVICE_FAMILY = "1,2";
			};
			name = Release;
		};
/* End XCBuildConfiguration section */

/* Begin XCConfigurationList section */
		1FBC0E47258289150074828E /* Build configuration list for PBXProject "Login" */ = {
			isa = XCConfigurationList;
			buildConfigurations = (
				1FBC0E5E258289190074828E /* Debug */,
				1FBC0E5F258289190074828E /* Release */,
			);
			defaultConfigurationIsVisible = 0;
			defaultConfigurationName = Release;
		};
		1FBC0E60258289190074828E /* Build configuration list for PBXNativeTarget "Login" */ = {
			isa = XCConfigurationList;
			buildConfigurations = (
				1FBC0E61258289190074828E /* Debug */,
				1FBC0E62258289190074828E /* Release */,
			);
			defaultConfigurationIsVisible = 0;
			defaultConfigurationName = Release;
		};
/* End XCConfigurationList section */
	};
	rootObject = 1FBC0E44258289150074828E /* Project object */;
}
